
Microsoft Visual Studio Solution File, Format Version 12.00
# Visual Studio 15
VisualStudioVersion = 15.0.27004.2010
MinimumVisualStudioVersion = 10.0.40219.1
Project("{FAE04EC0-301F-11D3-BF4B-00C04F79EFBC}") = "travel-blog", "travel-blog\travel-blog.csproj", "{FC225206-FB7F-4A35-AE6D-47923CC6375A}"
EndProject
Global
	GlobalSection(SolutionConfigurationPlatforms) = preSolution
		Debug|Any CPU = Debug|Any CPU
		Release|Any CPU = Release|Any CPU
	EndGlobalSection
	GlobalSection(ProjectConfigurationPlatforms) = postSolution
		{FC225206-FB7F-4A35-AE6D-47923CC6375A}.Debug|Any CPU.ActiveCfg = Debug|Any CPU
		{FC225206-FB7F-4A35-AE6D-47923CC6375A}.Debug|Any CPU.Build.0 = Debug|Any CPU
		{FC225206-FB7F-4A35-AE6D-47923CC6375A}.Release|Any CPU.ActiveCfg = Release|Any CPU
		{FC225206-FB7F-4A35-AE6D-47923CC6375A}.Release|Any CPU.Build.0 = Release|Any CPU
	EndGlobalSection
	GlobalSection(SolutionProperties) = preSolution
		HideSolutionNode = FALSE
	EndGlobalSection
	GlobalSection(ExtensibilityGlobals) = postSolution
		SolutionGuid = {41359D3D-2CDC-497C-8D08-62B14FB8B81A}
	EndGlobalSection
EndGlobal
